
Microsoft Visual Studio Solution File, Format Version 12.00
# Visual Studio Version 17
VisualStudioVersion = 17.4.33205.214
MinimumVisualStudioVersion = 10.0.40219.1
Project("{FAE04EC0-301F-11D3-BF4B-00C04F79EFBC}") = "BackendCrud", "BackendCrud\BackendCrud.csproj", "{275BFB58-6BB5-4373-BE83-C3D219A8DDF2}"
EndProject
Global
	GlobalSection(SolutionConfigurationPlatforms) = preSolution
		Debug|Any CPU = Debug|Any CPU
		Release|Any CPU = Release|Any CPU
	EndGlobalSection
	GlobalSection(ProjectConfigurationPlatforms) = postSolution
		{275BFB58-6BB5-4373-BE83-C3D219A8DDF2}.Debug|Any CPU.ActiveCfg = Debug|Any CPU
		{275BFB58-6BB5-4373-BE83-C3D219A8DDF2}.Debug|Any CPU.Build.0 = Debug|Any CPU
		{275BFB58-6BB5-4373-BE83-C3D219A8DDF2}.Release|Any CPU.ActiveCfg = Release|Any CPU
		{275BFB58-6BB5-4373-BE83-C3D219A8DDF2}.Release|Any CPU.Build.0 = Release|Any CPU
	EndGlobalSection
	GlobalSection(SolutionProperties) = preSolution
		HideSolutionNode = FALSE
	EndGlobalSection
	GlobalSection(ExtensibilityGlobals) = postSolution
		SolutionGuid = {32528F7C-C305-4D39-B21B-059B86867E99}
	EndGlobalSection
EndGlobal
